
Microsoft Visual Studio Solution File, Format Version 12.00
# Visual Studio Version 17
VisualStudioVersion = 17.3.32819.101
MinimumVisualStudioVersion = 10.0.40219.1
Project("{9A19103F-16F7-4668-BE54-9A1E7A4F7556}") = "MIS442FinalEFClasses", "MMABooksEFClasses\MIS442FinalEFClasses.csproj", "{F660FF91-FC76-4425-A8FC-BEC6B3BCC2A8}"
EndProject
Project("{FAE04EC0-301F-11D3-BF4B-00C04F79EFBC}") = "MIS442FinalTests", "MMABooksTests\MIS442FinalTests.csproj", "{47A0FD5B-CC46-4F22-AED1-C0B27CB17427}"
EndProject
Project("{FAE04EC0-301F-11D3-BF4B-00C04F79EFBC}") = "MIS442FinalWebAPI", "MMABooksWebAPI\MIS442FinalWebAPI.csproj", "{2AF37E51-E66E-4CB6-AB7F-AA82DC68EE97}"
EndProject
Project("{FAE04EC0-301F-11D3-BF4B-00C04F79EFBC}") = "MIS442FinalUI", "MIS442FinalUI\MIS442FinalUI.csproj", "{F20CD2FF-A029-438C-813E-E04E89F1FEAD}"
EndProject
Global
	GlobalSection(SolutionConfigurationPlatforms) = preSolution
		Debug|Any CPU = Debug|Any CPU
		Release|Any CPU = Release|Any CPU
	EndGlobalSection
	GlobalSection(ProjectConfigurationPlatforms) = postSolution
		{F660FF91-FC76-4425-A8FC-BEC6B3BCC2A8}.Debug|Any CPU.ActiveCfg = Debug|Any CPU
		{F660FF91-FC76-4425-A8FC-BEC6B3BCC2A8}.Debug|Any CPU.Build.0 = Debug|Any CPU
		{F660FF91-FC76-4425-A8FC-BEC6B3BCC2A8}.Release|Any CPU.ActiveCfg = Release|Any CPU
		{F660FF91-FC76-4425-A8FC-BEC6B3BCC2A8}.Release|Any CPU.Build.0 = Release|Any CPU
		{47A0FD5B-CC46-4F22-AED1-C0B27CB17427}.Debug|Any CPU.ActiveCfg = Debug|Any CPU
		{47A0FD5B-CC46-4F22-AED1-C0B27CB17427}.Debug|Any CPU.Build.0 = Debug|Any CPU
		{47A0FD5B-CC46-4F22-AED1-C0B27CB17427}.Release|Any CPU.ActiveCfg = Release|Any CPU
		{47A0FD5B-CC46-4F22-AED1-C0B27CB17427}.Release|Any CPU.Build.0 = Release|Any CPU
		{2AF37E51-E66E-4CB6-AB7F-AA82DC68EE97}.Debug|Any CPU.ActiveCfg = Debug|Any CPU
		{2AF37E51-E66E-4CB6-AB7F-AA82DC68EE97}.Debug|Any CPU.Build.0 = Debug|Any CPU
		{2AF37E51-E66E-4CB6-AB7F-AA82DC68EE97}.Release|Any CPU.ActiveCfg = Release|Any CPU
		{2AF37E51-E66E-4CB6-AB7F-AA82DC68EE97}.Release|Any CPU.Build.0 = Release|Any CPU
		{F20CD2FF-A029-438C-813E-E04E89F1FEAD}.Debug|Any CPU.ActiveCfg = Debug|x64
		{F20CD2FF-A029-438C-813E-E04E89F1FEAD}.Debug|Any CPU.Build.0 = Debug|x64
		{F20CD2FF-A029-438C-813E-E04E89F1FEAD}.Debug|Any CPU.Deploy.0 = Debug|x64
		{F20CD2FF-A029-438C-813E-E04E89F1FEAD}.Release|Any CPU.ActiveCfg = Release|x64
		{F20CD2FF-A029-438C-813E-E04E89F1FEAD}.Release|Any CPU.Build.0 = Release|x64
		{F20CD2FF-A029-438C-813E-E04E89F1FEAD}.Release|Any CPU.Deploy.0 = Release|x64
	EndGlobalSection
	GlobalSection(SolutionProperties) = preSolution
		HideSolutionNode = FALSE
	EndGlobalSection
	GlobalSection(ExtensibilityGlobals) = postSolution
		SolutionGuid = {FEF614D2-E10E-4DF4-BF70-B18C2A93DB2B}
	EndGlobalSection
EndGlobal
